
Microsoft Visual Studio Solution File, Format Version 12.00
# Visual Studio 15
VisualStudioVersion = 15.0.26430.16
MinimumVisualStudioVersion = 10.0.40219.1
Project("{FAE04EC0-301F-11D3-BF4B-00C04F79EFBC}") = "WoWs_Info_R", "WoWs_Info_R\WoWs_Info_R.csproj", "{F747185B-7B5F-4843-81B0-E8B1F6C86509}"
EndProject
Project("{FAE04EC0-301F-11D3-BF4B-00C04F79EFBC}") = "Classes", "Classes\Classes.csproj", "{64B9485D-AFC4-41C1-9360-E356B1670485}"
EndProject
Global
	GlobalSection(SolutionConfigurationPlatforms) = preSolution
		Debug|Any CPU = Debug|Any CPU
		Release|Any CPU = Release|Any CPU
	EndGlobalSection
	GlobalSection(ProjectConfigurationPlatforms) = postSolution
		{F747185B-7B5F-4843-81B0-E8B1F6C86509}.Debug|Any CPU.ActiveCfg = Debug|Any CPU
		{F747185B-7B5F-4843-81B0-E8B1F6C86509}.Debug|Any CPU.Build.0 = Debug|Any CPU
		{F747185B-7B5F-4843-81B0-E8B1F6C86509}.Release|Any CPU.ActiveCfg = Release|Any CPU
		{F747185B-7B5F-4843-81B0-E8B1F6C86509}.Release|Any CPU.Build.0 = Release|Any CPU
		{64B9485D-AFC4-41C1-9360-E356B1670485}.Debug|Any CPU.ActiveCfg = Debug|Any CPU
		{64B9485D-AFC4-41C1-9360-E356B1670485}.Debug|Any CPU.Build.0 = Debug|Any CPU
		{64B9485D-AFC4-41C1-9360-E356B1670485}.Release|Any CPU.ActiveCfg = Release|Any CPU
		{64B9485D-AFC4-41C1-9360-E356B1670485}.Release|Any CPU.Build.0 = Release|Any CPU
	EndGlobalSection
	GlobalSection(SolutionProperties) = preSolution
		HideSolutionNode = FALSE
	EndGlobalSection
EndGlobal
